
Microsoft Visual Studio Solution File, Format Version 12.00
Project("{FAE04EC0-301F-11D3-BF4B-00C04F79EFBC}") = "CasinoMigration", "CasinoMigration\CasinoMigration.csproj", "{33D06A3D-157F-41B9-9843-05FB5B400886}"
EndProject
Global
	GlobalSection(SolutionConfigurationPlatforms) = preSolution
		Debug|Any CPU = Debug|Any CPU
		Release|Any CPU = Release|Any CPU
	EndGlobalSection
	GlobalSection(ProjectConfigurationPlatforms) = postSolution
		{33D06A3D-157F-41B9-9843-05FB5B400886}.Debug|Any CPU.ActiveCfg = Debug|Any CPU
		{33D06A3D-157F-41B9-9843-05FB5B400886}.Debug|Any CPU.Build.0 = Debug|Any CPU
		{33D06A3D-157F-41B9-9843-05FB5B400886}.Release|Any CPU.ActiveCfg = Release|Any CPU
		{33D06A3D-157F-41B9-9843-05FB5B400886}.Release|Any CPU.Build.0 = Release|Any CPU
	EndGlobalSection
EndGlobal
